
Microsoft Visual Studio Solution File, Format Version 12.00
# Visual Studio 2012
Project("{FAE04EC0-301F-11D3-BF4B-00C04F79EFBC}") = "adamprescott.net.AddressParser", "adamprescott.net.AddressParser\adamprescott.net.AddressParser.csproj", "{BA239EBB-75F8-43D7-BF7F-B99594589523}"
EndProject
Project("{FAE04EC0-301F-11D3-BF4B-00C04F79EFBC}") = "adamprescott.net.AddressParserTests", "adamprescott.net.AddressParserTests\adamprescott.net.AddressParserTests.csproj", "{27587DE4-022F-4E3B-9860-F82AC1BC0AEA}"
EndProject
Global
	GlobalSection(SolutionConfigurationPlatforms) = preSolution
		Debug|Any CPU = Debug|Any CPU
		Release|Any CPU = Release|Any CPU
	EndGlobalSection
	GlobalSection(ProjectConfigurationPlatforms) = postSolution
		{BA239EBB-75F8-43D7-BF7F-B99594589523}.Debug|Any CPU.ActiveCfg = Debug|Any CPU
		{BA239EBB-75F8-43D7-BF7F-B99594589523}.Debug|Any CPU.Build.0 = Debug|Any CPU
		{BA239EBB-75F8-43D7-BF7F-B99594589523}.Release|Any CPU.ActiveCfg = Release|Any CPU
		{BA239EBB-75F8-43D7-BF7F-B99594589523}.Release|Any CPU.Build.0 = Release|Any CPU
		{27587DE4-022F-4E3B-9860-F82AC1BC0AEA}.Debug|Any CPU.ActiveCfg = Debug|Any CPU
		{27587DE4-022F-4E3B-9860-F82AC1BC0AEA}.Debug|Any CPU.Build.0 = Debug|Any CPU
		{27587DE4-022F-4E3B-9860-F82AC1BC0AEA}.Release|Any CPU.ActiveCfg = Release|Any CPU
		{27587DE4-022F-4E3B-9860-F82AC1BC0AEA}.Release|Any CPU.Build.0 = Release|Any CPU
	EndGlobalSection
	GlobalSection(SolutionProperties) = preSolution
		HideSolutionNode = FALSE
	EndGlobalSection
EndGlobal
